// !$*UTF8*$!
{
	archiveVersion = 1;
	classes = {
	};
	objectVersion = 70;
	objects = {

/* Begin PBXBuildFile section */
		8CA9B0C8292034420018FA74 /* LockScreenWidgetApp.swift in Sources */ = {isa = PBXBuildFile; fileRef = 8CA9B0C7292034420018FA74 /* LockScreenWidgetApp.swift */; };
		8CA9B0CA292034420018FA74 /* ContentView.swift in Sources */ = {isa = PBXBuildFile; fileRef = 8CA9B0C9292034420018FA74 /* ContentView.swift */; };
		8CA9B0CC292034430018FA74 /* Assets.xcassets in Resources */ = {isa = PBXBuildFile; fileRef = 8CA9B0CB292034430018FA74 /* Assets.xcassets */; };
		8CA9B0CF292034430018FA74 /* Preview Assets.xcassets in Resources */ = {isa = PBXBuildFile; fileRef = 8CA9B0CE292034430018FA74 /* Preview Assets.xcassets */; };
		8CA9B0DC292034B60018FA74 /* WidgetKit.framework in Frameworks */ = {isa = PBXBuildFile; fileRef = 8CA9B0DB292034B60018FA74 /* WidgetKit.framework */; };
		8CA9B0DE292034B60018FA74 /* SwiftUI.framework in Frameworks */ = {isa = PBXBuildFile; fileRef = 8CA9B0DD292034B60018FA74 /* SwiftUI.framework */; };
		8CA9B0E1292034B60018FA74 /* WidgetTestBundle.swift in Sources */ = {isa = PBXBuildFile; fileRef = 8CA9B0E0292034B60018FA74 /* WidgetTestBundle.swift */; };
		8CA9B0E3292034B60018FA74 /* WidgetTest.swift in Sources */ = {isa = PBXBuildFile; fileRef = 8CA9B0E2292034B60018FA74 /* WidgetTest.swift */; };
		8CA9B0E5292034B70018FA74 /* Assets.xcassets in Resources */ = {isa = PBXBuildFile; fileRef = 8CA9B0E4292034B70018FA74 /* Assets.xcassets */; };
		8CA9B0E9292034B70018FA74 /* WidgetTestExtension.appex in Embed Foundation Extensions */ = {isa = PBXBuildFile; fileRef = 8CA9B0D9292034B50018FA74 /* WidgetTestExtension.appex */; settings = {ATTRIBUTES = (RemoveHeadersOnCopy, ); }; };
/* End PBXBuildFile section */

/* Begin PBXContainerItemProxy section */
		8CA9B0E7292034B70018FA74 /* PBXContainerItemProxy */ = {
			isa = PBXContainerItemProxy;
			containerPortal = 8CA9B0BC292034420018FA74 /* Project object */;
			proxyType = 1;
			remoteGlobalIDString = 8CA9B0D8292034B50018FA74;
			remoteInfo = WidgetTestExtension;
		};
/* End PBXContainerItemProxy section */

/* Begin PBXCopyFilesBuildPhase section */
		8CA9B0ED292034B70018FA74 /* Embed Foundation Extensions */ = {
			isa = PBXCopyFilesBuildPhase;
			buildActionMask = 2147483647;
			dstPath = "";
			dstSubfolderSpec = 13;
			files = (
				8CA9B0E9292034B70018FA74 /* WidgetTestExtension.appex in Embed Foundation Extensions */,
			);
			name = "Embed Foundation Extensions";
			runOnlyForDeploymentPostprocessing = 0;
		};
/* End PBXCopyFilesBuildPhase section */

/* Begin PBXFileReference section */
		8CA9B0C4292034420018FA74 /* LockScreenWidget.app */ = {isa = PBXFileReference; explicitFileType = wrapper.application; includeInIndex = 0; path = LockScreenWidget.app; sourceTree = BUILT_PRODUCTS_DIR; };
		8CA9B0C7292034420018FA74 /* LockScreenWidgetApp.swift */ = {isa = PBXFileReference; lastKnownFileType = sourcecode.swift; path = LockScreenWidgetApp.swift; sourceTree = "<group>"; };
		8CA9B0C9292034420018FA74 /* ContentView.swift */ = {isa = PBXFileReference; lastKnownFileType = sourcecode.swift; path = ContentView.swift; sourceTree = "<group>"; };
		8CA9B0CB292034430018FA74 /* Assets.xcassets */ = {isa = PBXFileReference; lastKnownFileType = folder.assetcatalog; path = Assets.xcassets; sourceTree = "<group>"; };
		8CA9B0CE292034430018FA74 /* Preview Assets.xcassets */ = {isa = PBXFileReference; lastKnownFileType = folder.assetcatalog; path = "Preview Assets.xcassets"; sourceTree = "<group>"; };
		8CA9B0D9292034B50018FA74 /* WidgetTestExtension.appex */ = {isa = PBXFileReference; explicitFileType = "wrapper.app-extension"; includeInIndex = 0; path = WidgetTestExtension.appex; sourceTree = BUILT_PRODUCTS_DIR; };
		8CA9B0DB292034B60018FA74 /* WidgetKit.framework */ = {isa = PBXFileReference; lastKnownFileType = wrapper.framework; name = WidgetKit.framework; path = System/Library/Frameworks/WidgetKit.framework; sourceTree = SDKROOT; };
		8CA9B0DD292034B60018FA74 /* SwiftUI.framework */ = {isa = PBXFileReference; lastKnownFileType = wrapper.framework; name = SwiftUI.framework; path = System/Library/Frameworks/SwiftUI.framework; sourceTree = SDKROOT; };
		8CA9B0E0292034B60018FA74 /* WidgetTestBundle.swift */ = {isa = PBXFileReference; lastKnownFileType = sourcecode.swift; path = WidgetTestBundle.swift; sourceTree = "<group>"; };
		8CA9B0E2292034B60018FA74 /* WidgetTest.swift */ = {isa = PBXFileReference; lastKnownFileType = sourcecode.swift; path = WidgetTest.swift; sourceTree = "<group>"; };
		8CA9B0E4292034B70018FA74 /* Assets.xcassets */ = {isa = PBXFileReference; lastKnownFileType = folder.assetcatalog; path = Assets.xcassets; sourceTree = "<group>"; };
		8CA9B0E6292034B70018FA74 /* Info.plist */ = {isa = PBXFileReference; lastKnownFileType = text.plist.xml; path = Info.plist; sourceTree = "<group>"; };
/* End PBXFileReference section */

/* Begin PBXFileSystemSynchronizedBuildFileExceptionSet section */
		5A6EEEE52ED91CB800596DC9 /* PBXFileSystemSynchronizedBuildFileExceptionSet */ = {
			isa = PBXFileSystemSynchronizedBuildFileExceptionSet;
			membershipExceptions = (
				Tareas.swift,
			);
			target = 8CA9B0D8292034B50018FA74 /* WidgetTestExtension */;
		};
/* End PBXFileSystemSynchronizedBuildFileExceptionSet section */

/* Begin PBXFileSystemSynchronizedRootGroup section */
		5A6EEEE42ED91CAA00596DC9 /* Models */ = {isa = PBXFileSystemSynchronizedRootGroup; exceptions = (5A6EEEE52ED91CB800596DC9 /* PBXFileSystemSynchronizedBuildFileExceptionSet */, ); explicitFileTypes = {}; explicitFolders = (); path = Models; sourceTree = "<group>"; };
/* End PBXFileSystemSynchronizedRootGroup section */

/* Begin PBXFrameworksBuildPhase section */
		8CA9B0C1292034420018FA74 /* Frameworks */ = {
			isa = PBXFrameworksBuildPhase;
			buildActionMask = 2147483647;
			files = (
			);
			runOnlyForDeploymentPostprocessing = 0;
		};
		8CA9B0D6292034B50018FA74 /* Frameworks */ = {
			isa = PBXFrameworksBuildPhase;
			buildActionMask = 2147483647;
			files = (
				8CA9B0DE292034B60018FA74 /* SwiftUI.framework in Frameworks */,
				8CA9B0DC292034B60018FA74 /* WidgetKit.framework in Frameworks */,
			);
			runOnlyForDeploymentPostprocessing = 0;
		};
/* End PBXFrameworksBuildPhase section */

/* Begin PBXGroup section */
		8CA9B0BB292034420018FA74 = {
			isa = PBXGroup;
			children = (
				8CA9B0C6292034420018FA74 /* LockScreenWidget */,
				8CA9B0DF292034B60018FA74 /* WidgetTest */,
				8CA9B0DA292034B50018FA74 /* Frameworks */,
				8CA9B0C5292034420018FA74 /* Products */,
			);
			sourceTree = "<group>";
		};
		8CA9B0C5292034420018FA74 /* Products */ = {
			isa = PBXGroup;
			children = (
				8CA9B0C4292034420018FA74 /* LockScreenWidget.app */,
				8CA9B0D9292034B50018FA74 /* WidgetTestExtension.appex */,
			);
			name = Products;
			sourceTree = "<group>";
		};
		8CA9B0C6292034420018FA74 /* LockScreenWidget */ = {
			isa = PBXGroup;
			children = (
				5A6EEEE42ED91CAA00596DC9 /* Models */,
				8CA9B0C7292034420018FA74 /* LockScreenWidgetApp.swift */,
				8CA9B0C9292034420018FA74 /* ContentView.swift */,
				8CA9B0CB292034430018FA74 /* Assets.xcassets */,
				8CA9B0CD292034430018FA74 /* Preview Content */,
			);
			path = LockScreenWidget;
			sourceTree = "<group>";
		};
		8CA9B0CD292034430018FA74 /* Preview Content */ = {
			isa = PBXGroup;
			children = (
				8CA9B0CE292034430018FA74 /* Preview Assets.xcassets */,
			);
			path = "Preview Content";
			sourceTree = "<group>";
		};
		8CA9B0DA292034B50018FA74 /* Frameworks */ = {
			isa = PBXGroup;
			children = (
				8CA9B0DB292034B60018FA74 /* WidgetKit.framework */,
				8CA9B0DD292034B60018FA74 /* SwiftUI.framework */,
			);
			name = Frameworks;
			sourceTree = "<group>";
		};
		8CA9B0DF292034B60018FA74 /* WidgetTest */ = {
			isa = PBXGroup;
			children = (
				8CA9B0E0292034B60018FA74 /* WidgetTestBundle.swift */,
				8CA9B0E2292034B60018FA74 /* WidgetTest.swift */,
				8CA9B0E4292034B70018FA74 /* Assets.xcassets */,
				8CA9B0E6292034B70018FA74 /* Info.plist */,
			);
			path = WidgetTest;
			sourceTree = "<group>";
		};
/* End PBXGroup section */

/* Begin PBXNativeTarget section */
		8CA9B0C3292034420018FA74 /* LockScreenWidget */ = {
			isa = PBXNativeTarget;
			buildConfigurationList = 8CA9B0D2292034430018FA74 /* Build configuration list for PBXNativeTarget "LockScreenWidget" */;
			buildPhases = (
				8CA9B0C0292034420018FA74 /* Sources */,
				8CA9B0C1292034420018FA74 /* Frameworks */,
				8CA9B0C2292034420018FA74 /* Resources */,
				8CA9B0ED292034B70018FA74 /* Embed Foundation Extensions */,
			);
			buildRules = (
			);
			dependencies = (
				8CA9B0E8292034B70018FA74 /* PBXTargetDependency */,
			);
			fileSystemSynchronizedGroups = (
				5A6EEEE42ED91CAA00596DC9 /* Models */,
			);
			name = LockScreenWidget;
			productName = LockScreenWidget;
			productReference = 8CA9B0C4292034420018FA74 /* LockScreenWidget.app */;
			productType = "com.apple.product-type.application";
		};
		8CA9B0D8292034B50018FA74 /* WidgetTestExtension */ = {
			isa = PBXNativeTarget;
			buildConfigurationList = 8CA9B0EA292034B70018FA74 /* Build configuration list for PBXNativeTarget "WidgetTestExtension" */;
			buildPhases = (
				8CA9B0D5292034B50018FA74 /* Sources */,
				8CA9B0D6292034B50018FA74 /* Frameworks */,
				8CA9B0D7292034B50018FA74 /* Resources */,
			);
			buildRules = (
			);
			dependencies = (
			);
			name = WidgetTestExtension;
			productName = WidgetTestExtension;
			productReference = 8CA9B0D9292034B50018FA74 /* WidgetTestExtension.appex */;
			productType = "com.apple.product-type.app-extension";
		};
/* End PBXNativeTarget section */

/* Begin PBXProject section */
		8CA9B0BC292034420018FA74 /* Project object */ = {
			isa = PBXProject;
			attributes = {
				BuildIndependentTargetsInParallel = 1;
				LastSwiftUpdateCheck = 1410;
				LastUpgradeCheck = 1410;
				TargetAttributes = {
					8CA9B0C3292034420018FA74 = {
						CreatedOnToolsVersion = 14.1;
					};
					8CA9B0D8292034B50018FA74 = {
						CreatedOnToolsVersion = 14.1;
					};
				};
			};
			buildConfigurationList = 8CA9B0BF292034420018FA74 /* Build configuration list for PBXProject "LockScreenWidget" */;
			compatibilityVersion = "Xcode 14.0";
			developmentRegion = en;
			hasScannedForEncodings = 0;
			knownRegions = (
				en,
				Base,
			);
			mainGroup = 8CA9B0BB292034420018FA74;
			productRefGroup = 8CA9B0C5292034420018FA74 /* Products */;
			projectDirPath = "";
			projectRoot = "";
			targets = (
				8CA9B0C3292034420018FA74 /* LockScreenWidget */,
				8CA9B0D8292034B50018FA74 /* WidgetTestExtension */,
			);
		};
/* End PBXProject section */

/* Begin PBXResourcesBuildPhase section */
		8CA9B0C2292034420018FA74 /* Resources */ = {
			isa = PBXResourcesBuildPhase;
			buildActionMask = 2147483647;
			files = (
				8CA9B0CF292034430018FA74 /* Preview Assets.xcassets in Resources */,
				8CA9B0CC292034430018FA74 /* Assets.xcassets in Resources */,
			);
			runOnlyForDeploymentPostprocessing = 0;
		};
		8CA9B0D7292034B50018FA74 /* Resources */ = {
			isa = PBXResourcesBuildPhase;
			buildActionMask = 2147483647;
			files = (
				8CA9B0E5292034B70018FA74 /* Assets.xcassets in Resources */,
			);
			runOnlyForDeploymentPostprocessing = 0;
		};
/* End PBXResourcesBuildPhase section */

/* Begin PBXSourcesBuildPhase section */
		8CA9B0C0292034420018FA74 /* Sources */ = {
			isa = PBXSourcesBuildPhase;
			buildActionMask = 2147483647;
			files = (
				8CA9B0CA292034420018FA74 /* ContentView.swift in Sources */,
				8CA9B0C8292034420018FA74 /* LockScreenWidgetApp.swift in Sources */,
			);
			runOnlyForDeploymentPostprocessing = 0;
		};
		8CA9B0D5292034B50018FA74 /* Sources */ = {
			isa = PBXSourcesBuildPhase;
			buildActionMask = 2147483647;
			files = (
				8CA9B0E1292034B60018FA74 /* WidgetTestBundle.swift in Sources */,
				8CA9B0E3292034B60018FA74 /* WidgetTest.swift in Sources */,
			);
			runOnlyForDeploymentPostprocessing = 0;
		};
/* End PBXSourcesBuildPhase section */

/* Begin PBXTargetDependency section */
		8CA9B0E8292034B70018FA74 /* PBXTargetDependency */ = {
			isa = PBXTargetDependency;
			target = 8CA9B0D8292034B50018FA74 /* WidgetTestExtension */;
			targetProxy = 8CA9B0E7292034B70018FA74 /* PBXContainerItemProxy */;
		};
/* End PBXTargetDependency section */

/* Begin XCBuildConfiguration section */
		8CA9B0D0292034430018FA74 /* Debug */ = {
			isa = XCBuildConfiguration;
			buildSettings = {
				ALWAYS_SEARCH_USER_PATHS = NO;
				CLANG_ANALYZER_NONNULL = YES;
				CLANG_ANALYZER_NUMBER_OBJECT_CONVERSION = YES_AGGRESSIVE;
				CLANG_CXX_LANGUAGE_STANDARD = "gnu++20";
				CLANG_ENABLE_MODULES = YES;
				CLANG_ENABLE_OBJC_ARC = YES;
				CLANG_ENABLE_OBJC_WEAK = YES;
				CLANG_WARN_BLOCK_CAPTURE_AUTORELEASING = YES;
				CLANG_WARN_BOOL_CONVERSION = YES;
				CLANG_WARN_COMMA = YES;
				CLANG_WARN_CONSTANT_CONVERSION = YES;
				CLANG_WARN_DEPRECATED_OBJC_IMPLEMENTATIONS = YES;
				CLANG_WARN_DIRECT_OBJC_ISA_USAGE = YES_ERROR;
				CLANG_WARN_DOCUMENTATION_COMMENTS = YES;
				CLANG_WARN_EMPTY_BODY = YES;
				CLANG_WARN_ENUM_CONVERSION = YES;
				CLANG_WARN_INFINITE_RECURSION = YES;
				CLANG_WARN_INT_CONVERSION = YES;
				CLANG_WARN_NON_LITERAL_NULL_CONVERSION = YES;
				CLANG_WARN_OBJC_IMPLICIT_RETAIN_SELF = YES;
				CLANG_WARN_OBJC_LITERAL_CONVERSION = YES;
				CLANG_WARN_OBJC_ROOT_CLASS = YES_ERROR;
				CLANG_WARN_QUOTED_INCLUDE_IN_FRAMEWORK_HEADER = YES;
				CLANG_WARN_RANGE_LOOP_ANALYSIS = YES;
				CLANG_WARN_STRICT_PROTOTYPES = YES;
				CLANG_WARN_SUSPICIOUS_MOVE = YES;
				CLANG_WARN_UNGUARDED_AVAILABILITY = YES_AGGRESSIVE;
				CLANG_WARN_UNREACHABLE_CODE = YES;
				CLANG_WARN__DUPLICATE_METHOD_MATCH = YES;
				COPY_PHASE_STRIP = NO;
				DEBUG_INFORMATION_FORMAT = dwarf;
				ENABLE_STRICT_OBJC_MSGSEND = YES;
				ENABLE_TESTABILITY = YES;
				GCC_C_LANGUAGE_STANDARD = gnu11;
				GCC_DYNAMIC_NO_PIC = NO;
				GCC_NO_COMMON_BLOCKS = YES;
				GCC_OPTIMIZATION_LEVEL = 0;
				GCC_PREPROCESSOR_DEFINITIONS = (
					"DEBUG=1",
					"$(inherited)",
				);
				GCC_WARN_64_TO_32_BIT_CONVERSION = YES;
				GCC_WARN_ABOUT_RETURN_TYPE = YES_ERROR;
				GCC_WARN_UNDECLARED_SELECTOR = YES;
				GCC_WARN_UNINITIALIZED_AUTOS = YES_AGGRESSIVE;
				GCC_WARN_UNUSED_FUNCTION = YES;
				GCC_WARN_UNUSED_VARIABLE = YES;
				IPHONEOS_DEPLOYMENT_TARGET = 16.1;
				MTL_ENABLE_DEBUG_INFO = INCLUDE_SOURCE;
				MTL_FAST_MATH = YES;
				ONLY_ACTIVE_ARCH = YES;
				SDKROOT = iphoneos;
				SWIFT_ACTIVE_COMPILATION_CONDITIONS = DEBUG;
				SWIFT_OPTIMIZATION_LEVEL = "-Onone";
			};
			name = Debug;
		};
		8CA9B0D1292034430018FA74 /* Release */ = {
			isa = XCBuildConfiguration;
			buildSettings = {
				ALWAYS_SEARCH_USER_PATHS = NO;
				CLANG_ANALYZER_NONNULL = YES;
				CLANG_ANALYZER_NUMBER_OBJECT_CONVERSION = YES_AGGRESSIVE;
				CLANG_CXX_LANGUAGE_STANDARD = "gnu++20";
				CLANG_ENABLE_MODULES = YES;
				CLANG_ENABLE_OBJC_ARC = YES;
				CLANG_ENABLE_OBJC_WEAK = YES;
				CLANG_WARN_BLOCK_CAPTURE_AUTORELEASING = YES;
				CLANG_WARN_BOOL_CONVERSION = YES;
				CLANG_WARN_COMMA = YES;
				CLANG_WARN_CONSTANT_CONVERSION = YES;
				CLANG_WARN_DEPRECATED_OBJC_IMPLEMENTATIONS = YES;
				CLANG_WARN_DIRECT_OBJC_ISA_USAGE = YES_ERROR;
				CLANG_WARN_DOCUMENTATION_COMMENTS = YES;
				CLANG_WARN_EMPTY_BODY = YES;
				CLANG_WARN_ENUM_CONVERSION = YES;
				CLANG_WARN_INFINITE_RECURSION = YES;
				CLANG_WARN_INT_CONVERSION = YES;
				CLANG_WARN_NON_LITERAL_NULL_CONVERSION = YES;
				CLANG_WARN_OBJC_IMPLICIT_RETAIN_SELF = YES;
				CLANG_WARN_OBJC_LITERAL_CONVERSION = YES;
				CLANG_WARN_OBJC_ROOT_CLASS = YES_ERROR;
				CLANG_WARN_QUOTED_INCLUDE_IN_FRAMEWORK_HEADER = YES;
				CLANG_WARN_RANGE_LOOP_ANALYSIS = YES;
				CLANG_WARN_STRICT_PROTOTYPES = YES;
				CLANG_WARN_SUSPICIOUS_MOVE = YES;
				CLANG_WARN_UNGUARDED_AVAILABILITY = YES_AGGRESSIVE;
				CLANG_WARN_UNREACHABLE_CODE = YES;
				CLANG_WARN__DUPLICATE_METHOD_MATCH = YES;
				COPY_PHASE_STRIP = NO;
				DEBUG_INFORMATION_FORMAT = "dwarf-with-dsym";
				ENABLE_NS_ASSERTIONS = NO;
				ENABLE_STRICT_OBJC_MSGSEND = YES;
				GCC_C_LANGUAGE_STANDARD = gnu11;
				GCC_NO_COMMON_BLOCKS = YES;
				GCC_WARN_64_TO_32_BIT_CONVERSION = YES;
				GCC_WARN_ABOUT_RETURN_TYPE = YES_ERROR;
				GCC_WARN_UNDECLARED_SELECTOR = YES;
				GCC_WARN_UNINITIALIZED_AUTOS = YES_AGGRESSIVE;
				GCC_WARN_UNUSED_FUNCTION = YES;
				GCC_WARN_UNUSED_VARIABLE = YES;
				IPHONEOS_DEPLOYMENT_TARGET = 16.1;
				MTL_ENABLE_DEBUG_INFO = NO;
				MTL_FAST_MATH = YES;
				SDKROOT = iphoneos;
				SWIFT_COMPILATION_MODE = wholemodule;
				SWIFT_OPTIMIZATION_LEVEL = "-O";
				VALIDATE_PRODUCT = YES;
			};
			name = Release;
		};
		8CA9B0D3292034430018FA74 /* Debug */ = {
			isa = XCBuildConfiguration;
			buildSettings = {
				ALWAYS_EMBED_SWIFT_STANDARD_LIBRARIES = YES;
				ASSETCATALOG_COMPILER_APPICON_NAME = AppIcon;
				ASSETCATALOG_COMPILER_GLOBAL_ACCENT_COLOR_NAME = AccentColor;
				CODE_SIGN_STYLE = Automatic;
				CURRENT_PROJECT_VERSION = 1;
				DEVELOPMENT_ASSET_PATHS = "\"LockScreenWidget/Preview Content\"";
				DEVELOPMENT_TEAM = "";
				ENABLE_PREVIEWS = YES;
				GENERATE_INFOPLIST_FILE = YES;
				INFOPLIST_KEY_UIApplicationSceneManifest_Generation = YES;
				INFOPLIST_KEY_UIApplicationSupportsIndirectInputEvents = YES;
				INFOPLIST_KEY_UILaunchScreen_Generation = YES;
				INFOPLIST_KEY_UISupportedInterfaceOrientations_iPad = "UIInterfaceOrientationPortrait UIInterfaceOrientationPortraitUpsideDown UIInterfaceOrientationLandscapeLeft UIInterfaceOrientationLandscapeRight";
				INFOPLIST_KEY_UISupportedInterfaceOrientations_iPhone = "UIInterfaceOrientationPortrait UIInterfaceOrientationLandscapeLeft UIInterfaceOrientationLandscapeRight";
				LD_RUNPATH_SEARCH_PATHS = (
					"$(inherited)",
					"@executable_path/Frameworks",
				);
				MARKETING_VERSION = 1.0;
				PRODUCT_BUNDLE_IDENTIFIER = com.jmb.LockScreenWidget;
				PRODUCT_NAME = "$(TARGET_NAME)";
				SWIFT_EMIT_LOC_STRINGS = YES;
				SWIFT_VERSION = 5.0;
				TARGETED_DEVICE_FAMILY = "1,2";
			};
			name = Debug;
		};
		8CA9B0D4292034430018FA74 /* Release */ = {
			isa = XCBuildConfiguration;
			buildSettings = {
				ALWAYS_EMBED_SWIFT_STANDARD_LIBRARIES = YES;
				ASSETCATALOG_COMPILER_APPICON_NAME = AppIcon;
				ASSETCATALOG_COMPILER_GLOBAL_ACCENT_COLOR_NAME = AccentColor;
				CODE_SIGN_STYLE = Automatic;
				CURRENT_PROJECT_VERSION = 1;
				DEVELOPMENT_ASSET_PATHS = "\"LockScreenWidget/Preview Content\"";
				DEVELOPMENT_TEAM = "";
				ENABLE_PREVIEWS = YES;
				GENERATE_INFOPLIST_FILE = YES;
				INFOPLIST_KEY_UIApplicationSceneManifest_Generation = YES;
				INFOPLIST_KEY_UIApplicationSupportsIndirectInputEvents = YES;
				INFOPLIST_KEY_UILaunchScreen_Generation = YES;
				INFOPLIST_KEY_UISupportedInterfaceOrientations_iPad = "UIInterfaceOrientationPortrait UIInterfaceOrientationPortraitUpsideDown UIInterfaceOrientationLandscapeLeft UIInterfaceOrientationLandscapeRight";
				INFOPLIST_KEY_UISupportedInterfaceOrientations_iPhone = "UIInterfaceOrientationPortrait UIInterfaceOrientationLandscapeLeft UIInterfaceOrientationLandscapeRight";
				LD_RUNPATH_SEARCH_PATHS = (
					"$(inherited)",
					"@executable_path/Frameworks",
				);
				MARKETING_VERSION = 1.0;
				PRODUCT_BUNDLE_IDENTIFIER = com.jmb.LockScreenWidget;
				PRODUCT_NAME = "$(TARGET_NAME)";
				SWIFT_EMIT_LOC_STRINGS = YES;
				SWIFT_VERSION = 5.0;
				TARGETED_DEVICE_FAMILY = "1,2";
			};
			name = Release;
		};
		8CA9B0EB292034B70018FA74 /* Debug */ = {
			isa = XCBuildConfiguration;
			buildSettings = {
				ASSETCATALOG_COMPILER_GLOBAL_ACCENT_COLOR_NAME = AccentColor;
				ASSETCATALOG_COMPILER_WIDGET_BACKGROUND_COLOR_NAME = WidgetBackground;
				CODE_SIGN_STYLE = Automatic;
				CURRENT_PROJECT_VERSION = 1;
				DEVELOPMENT_TEAM = H6EHL55492;
				GENERATE_INFOPLIST_FILE = YES;
				INFOPLIST_FILE = WidgetTest/Info.plist;
				INFOPLIST_KEY_CFBundleDisplayName = WidgetTest;
				INFOPLIST_KEY_NSHumanReadableCopyright = "";
				LD_RUNPATH_SEARCH_PATHS = (
					"$(inherited)",
					"@executable_path/Frameworks",
					"@executable_path/../../Frameworks",
				);
				MARKETING_VERSION = 1.0;
				PRODUCT_BUNDLE_IDENTIFIER = com.jmb.LockScreenWidget.WidgetTest;
				PRODUCT_NAME = "$(TARGET_NAME)";
				SKIP_INSTALL = YES;
				SWIFT_EMIT_LOC_STRINGS = YES;
				SWIFT_VERSION = 5.0;
				TARGETED_DEVICE_FAMILY = "1,2";
			};
			name = Debug;
		};
		8CA9B0EC292034B70018FA74 /* Release */ = {
			isa = XCBuildConfiguration;
			buildSettings = {
				ASSETCATALOG_COMPILER_GLOBAL_ACCENT_COLOR_NAME = AccentColor;
				ASSETCATALOG_COMPILER_WIDGET_BACKGROUND_COLOR_NAME = WidgetBackground;
				CODE_SIGN_STYLE = Automatic;
				CURRENT_PROJECT_VERSION = 1;
				DEVELOPMENT_TEAM = H6EHL55492;
				GENERATE_INFOPLIST_FILE = YES;
				INFOPLIST_FILE = WidgetTest/Info.plist;
				INFOPLIST_KEY_CFBundleDisplayName = WidgetTest;
				INFOPLIST_KEY_NSHumanReadableCopyright = "";
				LD_RUNPATH_SEARCH_PATHS = (
					"$(inherited)",
					"@executable_path/Frameworks",
					"@executable_path/../../Frameworks",
				);
				MARKETING_VERSION = 1.0;
				PRODUCT_BUNDLE_IDENTIFIER = com.jmb.LockScreenWidget.WidgetTest;
				PRODUCT_NAME = "$(TARGET_NAME)";
				SKIP_INSTALL = YES;
				SWIFT_EMIT_LOC_STRINGS = YES;
				SWIFT_VERSION = 5.0;
				TARGETED_DEVICE_FAMILY = "1,2";
			};
			name = Release;
		};
/* End XCBuildConfiguration section */

/* Begin XCConfigurationList section */
		8CA9B0BF292034420018FA74 /* Build configuration list for PBXProject "LockScreenWidget" */ = {
			isa = XCConfigurationList;
			buildConfigurations = (
				8CA9B0D0292034430018FA74 /* Debug */,
				8CA9B0D1292034430018FA74 /* Release */,
			);
			defaultConfigurationIsVisible = 0;
			defaultConfigurationName = Release;
		};
		8CA9B0D2292034430018FA74 /* Build configuration list for PBXNativeTarget "LockScreenWidget" */ = {
			isa = XCConfigurationList;
			buildConfigurations = (
				8CA9B0D3292034430018FA74 /* Debug */,
				8CA9B0D4292034430018FA74 /* Release */,
			);
			defaultConfigurationIsVisible = 0;
			defaultConfigurationName = Release;
		};
		8CA9B0EA292034B70018FA74 /* Build configuration list for PBXNativeTarget "WidgetTestExtension" */ = {
			isa = XCConfigurationList;
			buildConfigurations = (
				8CA9B0EB292034B70018FA74 /* Debug */,
				8CA9B0EC292034B70018FA74 /* Release */,
			);
			defaultConfigurationIsVisible = 0;
			defaultConfigurationName = Release;
		};
/* End XCConfigurationList section */
	};
	rootObject = 8CA9B0BC292034420018FA74 /* Project object */;
}
